# THIS IS AN AUTOGENERATED FILE. DO NOT EDIT THIS FILE DIRECTLY.
# yarn lockfile v1


"@lezer/common@^0.15.0", "@lezer/common@^0.15.7":
  "integrity" "sha512-edfwCxNLnzq5pBA/yaIhwJ3U3Kz8VAUOTRg0hhxaizaI1N+qxV7EXDv/kLCkLeq2RzSFvxexlaj5Mzfn2kY0Ig=="
  "resolved" "https://registry.npmjs.org/@lezer/common/-/common-0.15.12.tgz"
  "version" "0.15.12"

"@lezer/lr@^0.15.4":
  "integrity" "sha512-bM6oE6VQZ6hIFxDNKk8bKPa14hqFrV07J/vHGOeiAbJReIaQXmkVb6xQu4MR+JBTLa5arGRyAAjJe1qaQt3Uvg=="
  "resolved" "https://registry.npmjs.org/@lezer/lr/-/lr-0.15.8.tgz"
  "version" "0.15.8"
  dependencies:
    "@lezer/common" "^0.15.0"

"@mischnic/json-sourcemap@^0.1.0":
  "integrity" "sha512-dQb3QnfNqmQNYA4nFSN/uLaByIic58gOXq4Y4XqLOWmOrw73KmJPt/HLyG0wvn1bnR6mBKs/Uwvkh+Hns1T0XA=="
  "resolved" "https://registry.npmjs.org/@mischnic/json-sourcemap/-/json-sourcemap-0.1.0.tgz"
  "version" "0.1.0"
  dependencies:
    "@lezer/common" "^0.15.7"
    "@lezer/lr" "^0.15.4"
    "json5" "^2.2.1"

"@parcel/cache@2.5.0":
  "integrity" "sha512-3kOO3cZQv0FAKhrMHGLdb4Qtzpmy78Q6jPN3u8eCY4yqeDTnyQBZvWNHoyCm5WlmL8y6Q6REYMbETLxSH1ggAQ=="
  "resolved" "https://registry.npmjs.org/@parcel/cache/-/cache-2.5.0.tgz"
  "version" "2.5.0"
  dependencies:
    "@parcel/fs" "2.5.0"
    "@parcel/logger" "2.5.0"
    "@parcel/utils" "2.5.0"
    "lmdb" "2.2.4"

"@parcel/codeframe@2.5.0":
  "integrity" "sha512-qafqL8Vu2kr932cCWESoDEEoAeKVi7/xdzTBuhzEJng1AfmRT0rCbt/P4ao3RjiDyozPSjXsHOqM6GDZcto4eQ=="
  "resolved" "https://registry.npmjs.org/@parcel/codeframe/-/codeframe-2.5.0.tgz"
  "version" "2.5.0"
  dependencies:
    "chalk" "^4.1.0"

"@parcel/core@^2.5.0":
  "integrity" "sha512-dygDmPsfAYJKTnUftcbEzjCik7AAaPbFvJW8ETYz8diyjkAG9y6hvCAZIrJE5pNOjFzg32en4v4UWv8Sqlzl9g=="
  "resolved" "https://registry.npmjs.org/@parcel/core/-/core-2.5.0.tgz"
  "version" "2.5.0"
  dependencies:
    "@mischnic/json-sourcemap" "^0.1.0"
    "@parcel/cache" "2.5.0"
    "@parcel/diagnostic" "2.5.0"
    "@parcel/events" "2.5.0"
    "@parcel/fs" "2.5.0"
    "@parcel/graph" "2.5.0"
    "@parcel/hash" "2.5.0"
    "@parcel/logger" "2.5.0"
    "@parcel/package-manager" "2.5.0"
    "@parcel/plugin" "2.5.0"
    "@parcel/source-map" "^2.0.0"
    "@parcel/types" "2.5.0"
    "@parcel/utils" "2.5.0"
    "@parcel/workers" "2.5.0"
    "abortcontroller-polyfill" "^1.1.9"
    "base-x" "^3.0.8"
    "browserslist" "^4.6.6"
    "clone" "^2.1.1"
    "dotenv" "^7.0.0"
    "dotenv-expand" "^5.1.0"
    "json5" "^2.2.0"
    "msgpackr" "^1.5.4"
    "nullthrows" "^1.1.1"
    "semver" "^5.7.1"

"@parcel/diagnostic@2.5.0":
  "integrity" "sha512-KiMGGRpEV7wl5gjcxBKcgX84a+cG+IEn94gwy5LK3lENR09nuKShqqgKGAmj/17CobJgw1QNP94/H4Md+oxIWg=="
  "resolved" "https://registry.npmjs.org/@parcel/diagnostic/-/diagnostic-2.5.0.tgz"
  "version" "2.5.0"
  dependencies:
    "@mischnic/json-sourcemap" "^0.1.0"
    "nullthrows" "^1.1.1"

"@parcel/events@2.5.0":
  "integrity" "sha512-Gc2LPwL1H34Ony5MENbKZg7wvCscZ4x9y7Fu92sfbdWpLo3K13hVtsX3TMIIgYt3B7R7OmO8yR880U2T+JfVkQ=="
  "resolved" "https://registry.npmjs.org/@parcel/events/-/events-2.5.0.tgz"
  "version" "2.5.0"

"@parcel/fs-search@2.5.0":
  "integrity" "sha512-uBONkz9ZCNSOqbPGWJY3MNl+pqBTfvzHH9+4UhzHEHPArvK2oD0+syYPVE60+zGrxybXTESYMCJp4bHvH6Z2hA=="
  "resolved" "https://registry.npmjs.org/@parcel/fs-search/-/fs-search-2.5.0.tgz"
  "version" "2.5.0"
  dependencies:
    "detect-libc" "^1.0.3"

"@parcel/fs@2.5.0":
  "integrity" "sha512-YYr14BWtx/bJ+hu6PPQQ6G/3omOTWgVqEw+UFI3iQH3P6+e0LRXW/Ja1yAcJeepGcTwIP0opnXZBQOm8PBQ2SA=="
  "resolved" "https://registry.npmjs.org/@parcel/fs/-/fs-2.5.0.tgz"
  "version" "2.5.0"
  dependencies:
    "@parcel/fs-search" "2.5.0"
    "@parcel/types" "2.5.0"
    "@parcel/utils" "2.5.0"
    "@parcel/watcher" "^2.0.0"
    "@parcel/workers" "2.5.0"

"@parcel/graph@2.5.0":
  "integrity" "sha512-qa2VtG08dJyTaWrxYAkMIlkoDRSPoiqLDNxxHKplkcxAjXBUw0/AkWaz82VO5r1G6jfOj+nM30ajH9uygZYwbw=="
  "resolved" "https://registry.npmjs.org/@parcel/graph/-/graph-2.5.0.tgz"
  "version" "2.5.0"
  dependencies:
    "@parcel/utils" "2.5.0"
    "nullthrows" "^1.1.1"

"@parcel/hash@2.5.0":
  "integrity" "sha512-47JL0XpB7UvIW6Ijf8vv+yVMt9dLvB/lRlBHFmAkmovisueVMVbYD7smxVZnCSehD8UH8BcymKbMzyL5dimgoQ=="
  "resolved" "https://registry.npmjs.org/@parcel/hash/-/hash-2.5.0.tgz"
  "version" "2.5.0"
  dependencies:
    "detect-libc" "^1.0.3"
    "xxhash-wasm" "^0.4.2"

"@parcel/logger@2.5.0":
  "integrity" "sha512-pT1L3ceH6trL1N3I3r2HawPjz/PCubOo/Kazu7IeXsMsKVjj1a6AeieZHzkNZIbhiGPtm/cHbBNLz2zTWDLeOA=="
  "resolved" "https://registry.npmjs.org/@parcel/logger/-/logger-2.5.0.tgz"
  "version" "2.5.0"
  dependencies:
    "@parcel/diagnostic" "2.5.0"
    "@parcel/events" "2.5.0"

"@parcel/markdown-ansi@2.5.0":
  "integrity" "sha512-ixkNF3KWIqxMlfxTe9Gb2cp/uNmklQev8VEUxujMVxmUfGyQs4859zdJIQlIinabWYhArhsXATkVf3MzCUN6TQ=="
  "resolved" "https://registry.npmjs.org/@parcel/markdown-ansi/-/markdown-ansi-2.5.0.tgz"
  "version" "2.5.0"
  dependencies:
    "chalk" "^4.1.0"

"@parcel/package-manager@2.5.0":
  "integrity" "sha512-zTuF55/lITUjw9dUU/X0HiF++589xbPXw/zUiG9T6s8BQThLvrxAhYP89S719pw7cTqDimGkTxnIuK+a0djEkg=="
  "resolved" "https://registry.npmjs.org/@parcel/package-manager/-/package-manager-2.5.0.tgz"
  "version" "2.5.0"
  dependencies:
    "@parcel/diagnostic" "2.5.0"
    "@parcel/fs" "2.5.0"
    "@parcel/logger" "2.5.0"
    "@parcel/types" "2.5.0"
    "@parcel/utils" "2.5.0"
    "@parcel/workers" "2.5.0"
    "semver" "^5.7.1"

"@parcel/plugin@2.5.0":
  "integrity" "sha512-obtb6/Gql6YFQ86bdv75A2Noabx8679reFZeyfKKf0L7Lppx4DFQetXwM9XVy7Gx6hJ1Ekm3UMuuIyVJk33YHQ=="
  "resolved" "https://registry.npmjs.org/@parcel/plugin/-/plugin-2.5.0.tgz"
  "version" "2.5.0"
  dependencies:
    "@parcel/types" "2.5.0"

"@parcel/source-map@^2.0.0":
  "integrity" "sha512-NnUrPYLpYB6qyx2v6bcRPn/gVigmGG6M6xL8wIg/i0dP1GLkuY1nf+Hqdf63FzPTqqT7K3k6eE5yHPQVMO5jcA=="
  "resolved" "https://registry.npmjs.org/@parcel/source-map/-/source-map-2.0.2.tgz"
  "version" "2.0.2"
  dependencies:
    "detect-libc" "^1.0.3"

"@parcel/transformer-sass@^2.5.0":
  "integrity" "sha512-tio+LcQvP2RUt2SqBPpxGvEJGeYyLjT87xKPuvYRmQ38h/FjG2j7WgvcHgii02YkZNyajCmMIoGwVYgovm5+bw=="
  "resolved" "https://registry.npmjs.org/@parcel/transformer-sass/-/transformer-sass-2.5.0.tgz"
  "version" "2.5.0"
  dependencies:
    "@parcel/plugin" "2.5.0"
    "@parcel/source-map" "^2.0.0"
    "sass" "^1.38.0"

"@parcel/types@2.5.0":
  "integrity" "sha512-bA0fhG6aXSGYEVo5Dt96x6lseUQHeVZVzgmiRdZsvb614Gvx22ItfaKhPmAVbM9vzbObZDHl9l9G2Ovw8Xve4g=="
  "resolved" "https://registry.npmjs.org/@parcel/types/-/types-2.5.0.tgz"
  "version" "2.5.0"
  dependencies:
    "@parcel/cache" "2.5.0"
    "@parcel/diagnostic" "2.5.0"
    "@parcel/fs" "2.5.0"
    "@parcel/package-manager" "2.5.0"
    "@parcel/source-map" "^2.0.0"
    "@parcel/workers" "2.5.0"
    "utility-types" "^3.10.0"

"@parcel/utils@2.5.0":
  "integrity" "sha512-kaLGXtQuOOH55KZqXdYDvczhh3mk2eeTVqrrXuuihGjbLKYFlUW2tFDm+5r2s9nCPwTQxOO43ZEOCKSnia+e4w=="
  "resolved" "https://registry.npmjs.org/@parcel/utils/-/utils-2.5.0.tgz"
  "version" "2.5.0"
  dependencies:
    "@parcel/codeframe" "2.5.0"
    "@parcel/diagnostic" "2.5.0"
    "@parcel/hash" "2.5.0"
    "@parcel/logger" "2.5.0"
    "@parcel/markdown-ansi" "2.5.0"
    "@parcel/source-map" "^2.0.0"
    "chalk" "^4.1.0"

"@parcel/watcher@^2.0.0":
  "integrity" "sha512-x0hUbjv891omnkcHD7ZOhiyyUqUUR6MNjq89JhEI3BxppeKWAm6NPQsqqRrAkCJBogdT/o/My21sXtTI9rJIsw=="
  "resolved" "https://registry.npmjs.org/@parcel/watcher/-/watcher-2.0.5.tgz"
  "version" "2.0.5"
  dependencies:
    "node-addon-api" "^3.2.1"
    "node-gyp-build" "^4.3.0"

"@parcel/workers@2.5.0":
  "integrity" "sha512-/Ow5OKJWs+9OzV3Jy4J++VnbNx0j3ls/M1CGVBLiBWyCada9DMtquYoBQ4Sk6Uam50BKkIFYetGOeXPNQyyMjg=="
  "resolved" "https://registry.npmjs.org/@parcel/workers/-/workers-2.5.0.tgz"
  "version" "2.5.0"
  dependencies:
    "@parcel/diagnostic" "2.5.0"
    "@parcel/logger" "2.5.0"
    "@parcel/types" "2.5.0"
    "@parcel/utils" "2.5.0"
    "chrome-trace-event" "^1.0.2"
    "nullthrows" "^1.1.1"

"abortcontroller-polyfill@^1.1.9":
  "integrity" "sha512-zetDJxd89y3X99Kvo4qFx8GKlt6GsvN3UcRZHwU6iFA/0KiOmhkTVhe8oRoTBiTVPZu09x3vCra47+w8Yz1+2Q=="
  "resolved" "https://registry.npmjs.org/abortcontroller-polyfill/-/abortcontroller-polyfill-1.7.3.tgz"
  "version" "1.7.3"

"ansi-styles@^4.1.0":
  "integrity" "sha512-zbB9rCJAT1rbjiVDb2hqKFHNYLxgtk8NURxZ3IZwD3F6NtxbXZQCnnSi1Lkx+IDohdPlFp222wVALIheZJQSEg=="
  "resolved" "https://registry.npmjs.org/ansi-styles/-/ansi-styles-4.3.0.tgz"
  "version" "4.3.0"
  dependencies:
    "color-convert" "^2.0.1"

"anymatch@~3.1.1":
  "integrity" "sha512-mM8522psRCqzV+6LhomX5wgp25YVibjh8Wj23I5RPkPppSVSjyKD2A2mBJmWGa+KN7f2D6LNh9jkBCeyLktzjg=="
  "resolved" "https://registry.npmjs.org/anymatch/-/anymatch-3.1.1.tgz"
  "version" "3.1.1"
  dependencies:
    "normalize-path" "^3.0.0"
    "picomatch" "^2.0.4"

"base-x@^3.0.8":
  "integrity" "sha512-H7JU6iBHTal1gp56aKoaa//YUxEaAOUiydvrV/pILqIHXTtqxSkATOnDA2u+jZ/61sD+L/412+7kzXRtWukhpQ=="
  "resolved" "https://registry.npmjs.org/base-x/-/base-x-3.0.9.tgz"
  "version" "3.0.9"
  dependencies:
    "safe-buffer" "^5.0.1"

"binary-extensions@^2.0.0":
  "integrity" "sha512-1Yj8h9Q+QDF5FzhMs/c9+6UntbD5MkRfRwac8DoEm9ZfUBZ7tZ55YcGVAzEe4bXsdQHEk+s9S5wsOKVdZrw0tQ=="
  "resolved" "https://registry.npmjs.org/binary-extensions/-/binary-extensions-2.1.0.tgz"
  "version" "2.1.0"

"braces@~3.0.2":
  "integrity" "sha512-b8um+L1RzM3WDSzvhm6gIz1yfTbBt6YTlcEKAvsmqCZZFw46z626lVj9j1yEPW33H5H+lBQpZMP1k8l+78Ha0A=="
  "resolved" "https://registry.npmjs.org/braces/-/braces-3.0.2.tgz"
  "version" "3.0.2"
  dependencies:
    "fill-range" "^7.0.1"

"browserslist@^4.6.6":
  "integrity" "sha512-CQOBCqp/9pDvDbx3xfMi+86pr4KXIf2FDkTTdeuYw8OxS9t898LA1Khq57gtufFILXpfgsSx5woNgsBgvGjpsA=="
  "resolved" "https://registry.npmjs.org/browserslist/-/browserslist-4.20.2.tgz"
  "version" "4.20.2"
  dependencies:
    "caniuse-lite" "^1.0.30001317"
    "electron-to-chromium" "^1.4.84"
    "escalade" "^3.1.1"
    "node-releases" "^2.0.2"
    "picocolors" "^1.0.0"

"caniuse-lite@^1.0.30001317":
  "integrity" "sha512-10T30NYOEQtN6C11YGg411yebhvpnC6Z102+B95eAsN0oB6KUs01ivE8u+G6FMIRtIrVlYXhL+LUwQ3/hXwDWw=="
  "resolved" "https://registry.npmjs.org/caniuse-lite/-/caniuse-lite-1.0.30001332.tgz"
  "version" "1.0.30001332"

"chalk@^4.1.0":
  "integrity" "sha512-oKnbhFyRIXpUuez8iBMmyEa4nbj4IOQyuhc/wy9kY7/WVPcwIO9VA668Pu8RkO7+0G76SLROeyw9CpQ061i4mA=="
  "resolved" "https://registry.npmjs.org/chalk/-/chalk-4.1.2.tgz"
  "version" "4.1.2"
  dependencies:
    "ansi-styles" "^4.1.0"
    "supports-color" "^7.1.0"

"chokidar@>=3.0.0 <4.0.0":
  "integrity" "sha512-IZHaDeBeI+sZJRX7lGcXsdzgvZqKv6sECqsbErJA4mHWfpRrD8B97kSFN4cQz6nGBGiuFia1MKR4d6c1o8Cv7A=="
  "resolved" "https://registry.npmjs.org/chokidar/-/chokidar-3.4.2.tgz"
  "version" "3.4.2"
  dependencies:
    "anymatch" "~3.1.1"
    "braces" "~3.0.2"
    "glob-parent" "~5.1.0"
    "is-binary-path" "~2.1.0"
    "is-glob" "~4.0.1"
    "normalize-path" "~3.0.0"
    "readdirp" "~3.4.0"
  optionalDependencies:
    "fsevents" "~2.1.2"

"chrome-trace-event@^1.0.2":
  "integrity" "sha512-p3KULyQg4S7NIHixdwbGX+nFHkoBiA4YQmyWtjb8XngSKV124nJmRysgAeujbUVb15vh+RvFUfCPqU7rXk+hZg=="
  "resolved" "https://registry.npmjs.org/chrome-trace-event/-/chrome-trace-event-1.0.3.tgz"
  "version" "1.0.3"

"clone@^2.1.1":
  "integrity" "sha1-G39Ln1kfHo+DZwQBYANFoCiHQ18="
  "resolved" "https://registry.npmjs.org/clone/-/clone-2.1.2.tgz"
  "version" "2.1.2"

"color-convert@^2.0.1":
  "integrity" "sha512-RRECPsj7iu/xb5oKYcsFHSppFNnsj/52OVTRKb4zP5onXwVF3zVmmToNcOfGC+CRDpfK/U584fMg38ZHCaElKQ=="
  "resolved" "https://registry.npmjs.org/color-convert/-/color-convert-2.0.1.tgz"
  "version" "2.0.1"
  dependencies:
    "color-name" "~1.1.4"

"color-name@~1.1.4":
  "integrity" "sha512-dOy+3AuW3a2wNbZHIuMZpTcgjGuLU/uBL/ubcZF9OXbDo8ff4O8yVp5Bf0efS8uEoYo5q4Fx7dY9OgQGXgAsQA=="
  "resolved" "https://registry.npmjs.org/color-name/-/color-name-1.1.4.tgz"
  "version" "1.1.4"

"detect-libc@^1.0.3":
  "integrity" "sha1-+hN8S9aY7fVc1c0CrFWfkaTEups="
  "resolved" "https://registry.npmjs.org/detect-libc/-/detect-libc-1.0.3.tgz"
  "version" "1.0.3"

"dotenv-expand@^5.1.0":
  "integrity" "sha512-YXQl1DSa4/PQyRfgrv6aoNjhasp/p4qs9FjJ4q4cQk+8m4r6k4ZSiEyytKG8f8W9gi8WsQtIObNmKd+tMzNTmA=="
  "resolved" "https://registry.npmjs.org/dotenv-expand/-/dotenv-expand-5.1.0.tgz"
  "version" "5.1.0"

"dotenv@^7.0.0":
  "integrity" "sha512-M3NhsLbV1i6HuGzBUH8vXrtxOk+tWmzWKDMbAVSUp3Zsjm7ywFeuwrUXhmhQyRK1q5B5GGy7hcXPbj3bnfZg2g=="
  "resolved" "https://registry.npmjs.org/dotenv/-/dotenv-7.0.0.tgz"
  "version" "7.0.0"

"electron-to-chromium@^1.4.84":
  "integrity" "sha512-ypZHxY+Sf/PXu7LVN+xoeanyisnJeSOy8Ki439L/oLueZb4c72FI45zXcK3gPpmTwyufh9m6NnbMLXnJh/0Fxg=="
  "resolved" "https://registry.npmjs.org/electron-to-chromium/-/electron-to-chromium-1.4.117.tgz"
  "version" "1.4.117"

"escalade@^3.1.1":
  "integrity" "sha512-k0er2gUkLf8O0zKJiAhmkTnJlTvINGv7ygDNPbeIsX/TJjGJZHuh9B2UxbsaEkmlEo9MfhrSzmhIlhRlI2GXnw=="
  "resolved" "https://registry.npmjs.org/escalade/-/escalade-3.1.1.tgz"
  "version" "3.1.1"

"fill-range@^7.0.1":
  "integrity" "sha512-qOo9F+dMUmC2Lcb4BbVvnKJxTPjCm+RRpe4gDuGrzkL7mEVl/djYSu2OdQ2Pa302N4oqkSg9ir6jaLWJ2USVpQ=="
  "resolved" "https://registry.npmjs.org/fill-range/-/fill-range-7.0.1.tgz"
  "version" "7.0.1"
  dependencies:
    "to-regex-range" "^5.0.1"

"fsevents@~2.1.2":
  "integrity" "sha512-Auw9a4AxqWpa9GUfj370BMPzzyncfBABW8Mab7BGWBYDj4Isgq+cDKtx0i6u9jcX9pQDnswsaaOTgTmA5pEjuQ=="
  "resolved" "https://registry.npmjs.org/fsevents/-/fsevents-2.1.3.tgz"
  "version" "2.1.3"

"glob-parent@~5.1.0":
  "integrity" "sha512-FnI+VGOpnlGHWZxthPGR+QhR78fuiK0sNLkHQv+bL9fQi57lNNdquIbna/WrfROrolq8GK5Ek6BiMwqL/voRYQ=="
  "resolved" "https://registry.npmjs.org/glob-parent/-/glob-parent-5.1.1.tgz"
  "version" "5.1.1"
  dependencies:
    "is-glob" "^4.0.1"

"has-flag@^4.0.0":
  "integrity" "sha512-EykJT/Q1KjTWctppgIAgfSO0tKVuZUjhgMr17kqTumMl6Afv3EISleU7qZUzoXDFTAHTDC4NOoG/ZxU3EvlMPQ=="
  "resolved" "https://registry.npmjs.org/has-flag/-/has-flag-4.0.0.tgz"
  "version" "4.0.0"

"immutable@^4.0.0":
  "integrity" "sha512-zIE9hX70qew5qTUjSS7wi1iwj/l7+m54KWU247nhM3v806UdGj1yDndXj+IOYxxtW9zyLI+xqFNZjTuDaLUqFw=="
  "resolved" "https://registry.npmjs.org/immutable/-/immutable-4.0.0.tgz"
  "version" "4.0.0"

"is-binary-path@~2.1.0":
  "integrity" "sha512-ZMERYes6pDydyuGidse7OsHxtbI7WVeUEozgR/g7rd0xUimYNlvZRE/K2MgZTjWy725IfelLeVcEM97mmtRGXw=="
  "resolved" "https://registry.npmjs.org/is-binary-path/-/is-binary-path-2.1.0.tgz"
  "version" "2.1.0"
  dependencies:
    "binary-extensions" "^2.0.0"

"is-extglob@^2.1.1":
  "integrity" "sha1-qIwCU1eR8C7TfHahueqXc8gz+MI="
  "resolved" "https://registry.npmjs.org/is-extglob/-/is-extglob-2.1.1.tgz"
  "version" "2.1.1"

"is-glob@^4.0.1", "is-glob@~4.0.1":
  "integrity" "sha512-5G0tKtBTFImOqDnLB2hG6Bp2qcKEFduo4tZu9MT/H6NQv/ghhy30o55ufafxJ/LdH79LLs2Kfrn85TLKyA7BUg=="
  "resolved" "https://registry.npmjs.org/is-glob/-/is-glob-4.0.1.tgz"
  "version" "4.0.1"
  dependencies:
    "is-extglob" "^2.1.1"

"is-number@^7.0.0":
  "integrity" "sha512-41Cifkg6e8TylSpdtTpeLVMqvSBEVzTttHvERD741+pnZ8ANv0004MRL43QKPDlK9cGvNp6NZWZUBlbGXYxxng=="
  "resolved" "https://registry.npmjs.org/is-number/-/is-number-7.0.0.tgz"
  "version" "7.0.0"

"json5@^2.2.0", "json5@^2.2.1":
  "integrity" "sha512-1hqLFMSrGHRHxav9q9gNjJ5EXznIxGVO09xQRrwplcS8qs28pZ8s8hupZAmqDwZUmVZ2Qb2jnyPOWcDH8m8dlA=="
  "resolved" "https://registry.npmjs.org/json5/-/json5-2.2.1.tgz"
  "version" "2.2.1"

"lmdb@2.2.4":
  "integrity" "sha512-gto+BB2uEob8qRiTlOq+R3uX0YNHsX9mjxj9Sbdue/LIKqu6IlZjrsjKeGyOMquc/474GEqFyX2pdytpydp0rQ=="
  "resolved" "https://registry.npmjs.org/lmdb/-/lmdb-2.2.4.tgz"
  "version" "2.2.4"
  dependencies:
    "msgpackr" "^1.5.4"
    "nan" "^2.14.2"
    "node-gyp-build" "^4.2.3"
    "ordered-binary" "^1.2.4"
    "weak-lru-cache" "^1.2.2"

"msgpackr-extract-darwin-x64@1.1.0":
  "integrity" "sha512-yx/H/i12IKg4eWGu/eKdKzJD4jaYvvujQSaVmeOMCesbSQnWo5X6YR9TFjoiNoU9Aexk1KufzL9gW+1DozG1yw=="
  "resolved" "https://registry.npmjs.org/msgpackr-extract-darwin-x64/-/msgpackr-extract-darwin-x64-1.1.0.tgz"
  "version" "1.1.0"

"msgpackr-extract@^1.1.4":
  "integrity" "sha512-WQbHvsThprXh+EqZYy+SQFEs7z6bNM7a0vgirwUfwUcphWGT2mdPcpyLCNiRsN6w5q5VKJUMblHY+tNEyceb9Q=="
  "resolved" "https://registry.npmjs.org/msgpackr-extract/-/msgpackr-extract-1.1.4.tgz"
  "version" "1.1.4"
  dependencies:
    "node-gyp-build-optional-packages" "^4.3.2"
  optionalDependencies:
    "msgpackr-extract-darwin-arm64" "1.1.0"
    "msgpackr-extract-darwin-x64" "1.1.0"
    "msgpackr-extract-linux-arm" "1.1.0"
    "msgpackr-extract-linux-arm64" "1.1.0"
    "msgpackr-extract-linux-x64" "1.1.0"
    "msgpackr-extract-win32-x64" "1.1.0"

"msgpackr@^1.5.4":
  "integrity" "sha512-Y1Ia1AYKcz30JOAUyyC0jCicI7SeP8NK+SVCGZIeLg2oQs28wSwW2GbHXktk4ZZmrq9/v2jU0JAbvbp2d1ewpg=="
  "resolved" "https://registry.npmjs.org/msgpackr/-/msgpackr-1.5.6.tgz"
  "version" "1.5.6"
  optionalDependencies:
    "msgpackr-extract" "^1.1.4"

"nan@^2.14.2":
  "integrity" "sha512-8ZtvEnA2c5aYCZYd1cvgdnU6cqwixRoYg70xPLWUws5ORTa/lnw+u4amixRS/Ac5U5mQVgp9pnlSUnbNWFaWZQ=="
  "resolved" "https://registry.npmjs.org/nan/-/nan-2.15.0.tgz"
  "version" "2.15.0"

"node-addon-api@^3.2.1":
  "integrity" "sha512-mmcei9JghVNDYydghQmeDX8KoAm0FAiYyIcUt/N4nhyAipB17pllZQDOJD2fotxABnt4Mdz+dKTO7eftLg4d0A=="
  "resolved" "https://registry.npmjs.org/node-addon-api/-/node-addon-api-3.2.1.tgz"
  "version" "3.2.1"

"node-gyp-build-optional-packages@^4.3.2":
  "integrity" "sha512-P5Ep3ISdmwcCkZIaBaQamQtWAG0facC89phWZgi5Z3hBU//J6S48OIvyZWSPPf6yQMklLZiqoosWAZUj7N+esA=="
  "resolved" "https://registry.npmjs.org/node-gyp-build-optional-packages/-/node-gyp-build-optional-packages-4.3.2.tgz"
  "version" "4.3.2"

"node-gyp-build@^4.2.3", "node-gyp-build@^4.3.0":
  "integrity" "sha512-amJnQCcgtRVw9SvoebO3BKGESClrfXGCUTX9hSn1OuGQTQBOZmVd0Z0OlecpuRksKvbsUqALE8jls/ErClAPuQ=="
  "resolved" "https://registry.npmjs.org/node-gyp-build/-/node-gyp-build-4.4.0.tgz"
  "version" "4.4.0"

"node-releases@^2.0.2":
  "integrity" "sha512-maHFz6OLqYxz+VQyCAtA3PTX4UP/53pa05fyDNc9CwjvJ0yEh6+xBwKsgCxMNhS8taUKBFYxfuiaD9U/55iFaw=="
  "resolved" "https://registry.npmjs.org/node-releases/-/node-releases-2.0.3.tgz"
  "version" "2.0.3"

"normalize-path@^3.0.0", "normalize-path@~3.0.0":
  "integrity" "sha512-6eZs5Ls3WtCisHWp9S2GUy8dqkpGi4BVSz3GaqiE6ezub0512ESztXUwUB6C6IKbQkY2Pnb/mD4WYojCRwcwLA=="
  "resolved" "https://registry.npmjs.org/normalize-path/-/normalize-path-3.0.0.tgz"
  "version" "3.0.0"

"nullthrows@^1.1.1":
  "integrity" "sha512-2vPPEi+Z7WqML2jZYddDIfy5Dqb0r2fze2zTxNNknZaFpVHU3mFB3R+DWeJWGVx0ecvttSGlJTI+WG+8Z4cDWw=="
  "resolved" "https://registry.npmjs.org/nullthrows/-/nullthrows-1.1.1.tgz"
  "version" "1.1.1"

"ordered-binary@^1.2.4":
  "integrity" "sha512-djRmZoEpOGvIRW7ufsCDHtvcUa18UC9TxnPbHhSVFZHsoyg0dtut1bWtBZ/fmxdPN62oWXrV6adM7NoWU+CneA=="
  "resolved" "https://registry.npmjs.org/ordered-binary/-/ordered-binary-1.2.5.tgz"
  "version" "1.2.5"

"picocolors@^1.0.0":
  "integrity" "sha512-1fygroTLlHu66zi26VoTDv8yRgm0Fccecssto+MhsZ0D/DGW2sm8E8AjW7NU5VVTRt5GxbeZ5qBuJr+HyLYkjQ=="
  "resolved" "https://registry.npmjs.org/picocolors/-/picocolors-1.0.0.tgz"
  "version" "1.0.0"

"picomatch@^2.0.4", "picomatch@^2.2.1":
  "integrity" "sha512-q0M/9eZHzmr0AulXyPwNfZjtwZ/RBZlbN3K3CErVrk50T2ASYI7Bye0EvekFY3IP1Nt2DHu0re+V2ZHIpMkuWg=="
  "resolved" "https://registry.npmjs.org/picomatch/-/picomatch-2.2.2.tgz"
  "version" "2.2.2"

"readdirp@~3.4.0":
  "integrity" "sha512-0xe001vZBnJEK+uKcj8qOhyAKPzIT+gStxWr3LCB0DwcXR5NZJ3IaC+yGnHCYzB/S7ov3m3EEbZI2zeNvX+hGQ=="
  "resolved" "https://registry.npmjs.org/readdirp/-/readdirp-3.4.0.tgz"
  "version" "3.4.0"
  dependencies:
    "picomatch" "^2.2.1"

"safe-buffer@^5.0.1":
  "integrity" "sha512-rp3So07KcdmmKbGvgaNxQSJr7bGVSVk5S9Eq1F+ppbRo70+YeaDxkw5Dd8NPN+GD6bjnYm2VuPuCXmpuYvmCXQ=="
  "resolved" "https://registry.npmjs.org/safe-buffer/-/safe-buffer-5.2.1.tgz"
  "version" "5.2.1"

"sass@^1.22.7", "sass@^1.38.0":
  "integrity" "sha512-noTnY41KnlW2A9P8sdwESpDmo+KBNkukI1i8+hOK3footBUcohNHtdOJbckp46XO95nuvcHDDZ+4tmOnpK3hjw=="
  "resolved" "https://registry.npmjs.org/sass/-/sass-1.50.1.tgz"
  "version" "1.50.1"
  dependencies:
    "chokidar" ">=3.0.0 <4.0.0"
    "immutable" "^4.0.0"
    "source-map-js" ">=0.6.2 <2.0.0"

"semver@^5.7.1":
  "integrity" "sha512-sauaDf/PZdVgrLTNYHRtpXa1iRiKcaebiKQ1BJdpQlWH2lCvexQdX55snPFyK7QzpudqbCI0qXFfOasHdyNDGQ=="
  "resolved" "https://registry.npmjs.org/semver/-/semver-5.7.1.tgz"
  "version" "5.7.1"

"source-map-js@>=0.6.2 <2.0.0":
  "integrity" "sha512-R0XvVJ9WusLiqTCEiGCmICCMplcCkIwwR11mOSD9CR5u+IXYdiseeEuXCVAjS54zqwkLcPNnmU4OeJ6tUrWhDw=="
  "resolved" "https://registry.npmjs.org/source-map-js/-/source-map-js-1.0.2.tgz"
  "version" "1.0.2"

"supports-color@^7.1.0":
  "integrity" "sha512-qpCAvRl9stuOHveKsn7HncJRvv501qIacKzQlO/+Lwxc9+0q2wLyv4Dfvt80/DPn2pqOBsJdDiogXGR9+OvwRw=="
  "resolved" "https://registry.npmjs.org/supports-color/-/supports-color-7.2.0.tgz"
  "version" "7.2.0"
  dependencies:
    "has-flag" "^4.0.0"

"to-regex-range@^5.0.1":
  "integrity" "sha512-65P7iz6X5yEr1cwcgvQxbbIw7Uk3gOy5dIdtZ4rDveLqhrdJP+Li/Hx6tyK0NEb+2GCyneCMJiGqrADCSNk8sQ=="
  "resolved" "https://registry.npmjs.org/to-regex-range/-/to-regex-range-5.0.1.tgz"
  "version" "5.0.1"
  dependencies:
    "is-number" "^7.0.0"

"utility-types@^3.10.0":
  "integrity" "sha512-O11mqxmi7wMKCo6HKFt5AhO4BwY3VV68YU07tgxfz8zJTIxr4BpsezN49Ffwy9j3ZpwwJp4fkRwjRzq3uWE6Rg=="
  "resolved" "https://registry.npmjs.org/utility-types/-/utility-types-3.10.0.tgz"
  "version" "3.10.0"

"weak-lru-cache@^1.2.2":
  "integrity" "sha512-DEAoo25RfSYMuTGc9vPJzZcZullwIqRDSI9LOy+fkCJPi6hykCnfKaXTuPBDuXAUcqHXyOgFtHNp/kB2FjYHbw=="
  "resolved" "https://registry.npmjs.org/weak-lru-cache/-/weak-lru-cache-1.2.2.tgz"
  "version" "1.2.2"

"xxhash-wasm@^0.4.2":
  "integrity" "sha512-/eyHVRJQCirEkSZ1agRSCwriMhwlyUcFkXD5TPVSLP+IPzjsqMVzZwdoczLp1SoQU0R3dxz1RpIK+4YNQbCVOA=="
  "resolved" "https://registry.npmjs.org/xxhash-wasm/-/xxhash-wasm-0.4.2.tgz"
  "version" "0.4.2"
